
Microsoft Visual Studio Solution File, Format Version 12.00
# Visual Studio Version 17
VisualStudioVersion = 17.4.33205.214
MinimumVisualStudioVersion = 10.0.40219.1
Project("{9A19103F-16F7-4668-BE54-9A1E7A4F7556}") = "AbstractFactory", "AbstractFactory\AbstractFactory.csproj", "{110C42EF-37C8-4624-8A16-4669AA0A7BD9}"
EndProject
Project("{FAE04EC0-301F-11D3-BF4B-00C04F79EFBC}") = "Consumer", "Consumer\Consumer.csproj", "{99B745C1-143A-4F36-8CD1-274FB7EE174D}"
EndProject
Global
	GlobalSection(SolutionConfigurationPlatforms) = preSolution
		Debug|Any CPU = Debug|Any CPU
		Release|Any CPU = Release|Any CPU
	EndGlobalSection
	GlobalSection(ProjectConfigurationPlatforms) = postSolution
		{110C42EF-37C8-4624-8A16-4669AA0A7BD9}.Debug|Any CPU.ActiveCfg = Debug|Any CPU
		{110C42EF-37C8-4624-8A16-4669AA0A7BD9}.Debug|Any CPU.Build.0 = Debug|Any CPU
		{110C42EF-37C8-4624-8A16-4669AA0A7BD9}.Release|Any CPU.ActiveCfg = Release|Any CPU
		{110C42EF-37C8-4624-8A16-4669AA0A7BD9}.Release|Any CPU.Build.0 = Release|Any CPU
		{99B745C1-143A-4F36-8CD1-274FB7EE174D}.Debug|Any CPU.ActiveCfg = Debug|Any CPU
		{99B745C1-143A-4F36-8CD1-274FB7EE174D}.Debug|Any CPU.Build.0 = Debug|Any CPU
		{99B745C1-143A-4F36-8CD1-274FB7EE174D}.Release|Any CPU.ActiveCfg = Release|Any CPU
		{99B745C1-143A-4F36-8CD1-274FB7EE174D}.Release|Any CPU.Build.0 = Release|Any CPU
	EndGlobalSection
	GlobalSection(SolutionProperties) = preSolution
		HideSolutionNode = FALSE
	EndGlobalSection
	GlobalSection(ExtensibilityGlobals) = postSolution
		SolutionGuid = {8571A09B-76E5-4033-96BE-DA3EADA3C798}
	EndGlobalSection
EndGlobal
